
Microsoft Visual Studio Solution File, Format Version 12.00
# Visual Studio Version 17
VisualStudioVersion = 17.9.34728.123
MinimumVisualStudioVersion = 10.0.40219.1
Project("{9A19103F-16F7-4668-BE54-9A1E7A4F7556}") = "eShopSolution.WebApp", "eShopSolution.WebApp\eShopSolution.WebApp.csproj", "{CAF2B28E-11AD-4911-B746-211EC505BE9D}"
EndProject
Project("{FAE04EC0-301F-11D3-BF4B-00C04F79EFBC}") = "eShopSolution.Data", "eShopSolution.Data\eShopSolution.Data.csproj", "{4314EE7B-F0BF-4ADC-BB9F-A164AB9BAA8E}"
EndProject
Project("{FAE04EC0-301F-11D3-BF4B-00C04F79EFBC}") = "eShopSolution.Application", "eShopSolution.Application\eShopSolution.Application.csproj", "{1E333A13-0184-45D7-8F41-0CF90057E885}"
EndProject
Global
	GlobalSection(SolutionConfigurationPlatforms) = preSolution
		Debug|Any CPU = Debug|Any CPU
		Release|Any CPU = Release|Any CPU
	EndGlobalSection
	GlobalSection(ProjectConfigurationPlatforms) = postSolution
		{CAF2B28E-11AD-4911-B746-211EC505BE9D}.Debug|Any CPU.ActiveCfg = Debug|Any CPU
		{CAF2B28E-11AD-4911-B746-211EC505BE9D}.Debug|Any CPU.Build.0 = Debug|Any CPU
		{CAF2B28E-11AD-4911-B746-211EC505BE9D}.Release|Any CPU.ActiveCfg = Release|Any CPU
		{CAF2B28E-11AD-4911-B746-211EC505BE9D}.Release|Any CPU.Build.0 = Release|Any CPU
		{4314EE7B-F0BF-4ADC-BB9F-A164AB9BAA8E}.Debug|Any CPU.ActiveCfg = Debug|Any CPU
		{4314EE7B-F0BF-4ADC-BB9F-A164AB9BAA8E}.Debug|Any CPU.Build.0 = Debug|Any CPU
		{4314EE7B-F0BF-4ADC-BB9F-A164AB9BAA8E}.Release|Any CPU.ActiveCfg = Release|Any CPU
		{4314EE7B-F0BF-4ADC-BB9F-A164AB9BAA8E}.Release|Any CPU.Build.0 = Release|Any CPU
		{1E333A13-0184-45D7-8F41-0CF90057E885}.Debug|Any CPU.ActiveCfg = Debug|Any CPU
		{1E333A13-0184-45D7-8F41-0CF90057E885}.Debug|Any CPU.Build.0 = Debug|Any CPU
		{1E333A13-0184-45D7-8F41-0CF90057E885}.Release|Any CPU.ActiveCfg = Release|Any CPU
		{1E333A13-0184-45D7-8F41-0CF90057E885}.Release|Any CPU.Build.0 = Release|Any CPU
	EndGlobalSection
	GlobalSection(SolutionProperties) = preSolution
		HideSolutionNode = FALSE
	EndGlobalSection
	GlobalSection(ExtensibilityGlobals) = postSolution
		SolutionGuid = {77F82F85-A829-4D92-8352-0AC80F0CCF2E}
	EndGlobalSection
EndGlobal
